
Microsoft Visual Studio Solution File, Format Version 12.00
# Visual Studio 15
VisualStudioVersion = 15.0.28307.572
MinimumVisualStudioVersion = 10.0.40219.1
Project("{FAE04EC0-301F-11D3-BF4B-00C04F79EFBC}") = "Razor Page", "Razor Page\Razor Page.csproj", "{064A5195-21DD-40AF-BECD-07E3A4329FDC}"
EndProject
Global
	GlobalSection(SolutionConfigurationPlatforms) = preSolution
		Debug|Any CPU = Debug|Any CPU
		Release|Any CPU = Release|Any CPU
	EndGlobalSection
	GlobalSection(ProjectConfigurationPlatforms) = postSolution
		{064A5195-21DD-40AF-BECD-07E3A4329FDC}.Debug|Any CPU.ActiveCfg = Debug|Any CPU
		{064A5195-21DD-40AF-BECD-07E3A4329FDC}.Debug|Any CPU.Build.0 = Debug|Any CPU
		{064A5195-21DD-40AF-BECD-07E3A4329FDC}.Release|Any CPU.ActiveCfg = Release|Any CPU
		{064A5195-21DD-40AF-BECD-07E3A4329FDC}.Release|Any CPU.Build.0 = Release|Any CPU
	EndGlobalSection
	GlobalSection(SolutionProperties) = preSolution
		HideSolutionNode = FALSE
	EndGlobalSection
	GlobalSection(ExtensibilityGlobals) = postSolution
		SolutionGuid = {2CF00D67-9946-4ED9-8808-D94BE14EC1A9}
	EndGlobalSection
EndGlobal
